
Microsoft Visual Studio Solution File, Format Version 12.00
# Visual Studio 14
VisualStudioVersion = 14.0.23107.0
MinimumVisualStudioVersion = 10.0.40219.1
Project("{FAE04EC0-301F-11D3-BF4B-00C04F79EFBC}") = "HFEA.Connector.Contracts", "HFEA.Connector.Contracts\HFEA.Connector.Contracts.csproj", "{F163633F-49FC-43D1-AD23-F982A3D9FDFE}"
EndProject
Project("{FAE04EC0-301F-11D3-BF4B-00C04F79EFBC}") = "HFEA.Connector.Test", "HFEA.Connector.Test\HFEA.Connector.Test.csproj", "{BACD1F35-A5F5-4C28-B157-EEB37C5541A0}"
EndProject
Project("{FAE04EC0-301F-11D3-BF4B-00C04F79EFBC}") = "HFEA.Connector.Service", "HFEA.Connector.BL\HFEA.Connector.Service.csproj", "{5D2C8B7E-444B-4524-81BA-64B7D4591F5A}"
EndProject
Project("{FAE04EC0-301F-11D3-BF4B-00C04F79EFBC}") = "HFEA.Connector.Global", "HFEA.Connector.Global\HFEA.Connector.Global.csproj", "{8571D543-7523-4C13-995B-CDD9E84DDCE9}"
EndProject
Global
	GlobalSection(SolutionConfigurationPlatforms) = preSolution
		Debug|Any CPU = Debug|Any CPU
		Release|Any CPU = Release|Any CPU
	EndGlobalSection
	GlobalSection(ProjectConfigurationPlatforms) = postSolution
		{F163633F-49FC-43D1-AD23-F982A3D9FDFE}.Debug|Any CPU.ActiveCfg = Debug|Any CPU
		{F163633F-49FC-43D1-AD23-F982A3D9FDFE}.Debug|Any CPU.Build.0 = Debug|Any CPU
		{F163633F-49FC-43D1-AD23-F982A3D9FDFE}.Release|Any CPU.ActiveCfg = Release|Any CPU
		{F163633F-49FC-43D1-AD23-F982A3D9FDFE}.Release|Any CPU.Build.0 = Release|Any CPU
		{BACD1F35-A5F5-4C28-B157-EEB37C5541A0}.Debug|Any CPU.ActiveCfg = Debug|Any CPU
		{BACD1F35-A5F5-4C28-B157-EEB37C5541A0}.Debug|Any CPU.Build.0 = Debug|Any CPU
		{BACD1F35-A5F5-4C28-B157-EEB37C5541A0}.Release|Any CPU.ActiveCfg = Release|Any CPU
		{BACD1F35-A5F5-4C28-B157-EEB37C5541A0}.Release|Any CPU.Build.0 = Release|Any CPU
		{5D2C8B7E-444B-4524-81BA-64B7D4591F5A}.Debug|Any CPU.ActiveCfg = Debug|Any CPU
		{5D2C8B7E-444B-4524-81BA-64B7D4591F5A}.Debug|Any CPU.Build.0 = Debug|Any CPU
		{5D2C8B7E-444B-4524-81BA-64B7D4591F5A}.Release|Any CPU.ActiveCfg = Release|Any CPU
		{5D2C8B7E-444B-4524-81BA-64B7D4591F5A}.Release|Any CPU.Build.0 = Release|Any CPU
		{8571D543-7523-4C13-995B-CDD9E84DDCE9}.Debug|Any CPU.ActiveCfg = Debug|Any CPU
		{8571D543-7523-4C13-995B-CDD9E84DDCE9}.Debug|Any CPU.Build.0 = Debug|Any CPU
		{8571D543-7523-4C13-995B-CDD9E84DDCE9}.Release|Any CPU.ActiveCfg = Release|Any CPU
		{8571D543-7523-4C13-995B-CDD9E84DDCE9}.Release|Any CPU.Build.0 = Release|Any CPU
	EndGlobalSection
	GlobalSection(SolutionProperties) = preSolution
		HideSolutionNode = FALSE
	EndGlobalSection
EndGlobal
