
Microsoft Visual Studio Solution File, Format Version 12.00
# Visual Studio 14
VisualStudioVersion = 14.0.25420.1
MinimumVisualStudioVersion = 10.0.40219.1
Project("{FAE04EC0-301F-11D3-BF4B-00C04F79EFBC}") = "HFEA.Web", "HFEA.Website\HFEA.Web.csproj", "{08C7371F-F416-4C68-AD47-D4EA19E865D0}"
EndProject
Project("{FAE04EC0-301F-11D3-BF4B-00C04F79EFBC}") = "HFEA.Core", "HFEA.Core\HFEA.Core.csproj", "{03A16DF2-4C8D-4367-8F55-4DCB7000553E}"
EndProject
Project("{FAE04EC0-301F-11D3-BF4B-00C04F79EFBC}") = "HFEA.Connector.Contracts", "HFEA.API.Connector\Source\HFEA.Connector.Contracts\HFEA.Connector.Contracts.csproj", "{F163633F-49FC-43D1-AD23-F982A3D9FDFE}"
EndProject
Project("{2150E333-8FDC-42A3-9474-1A3956D46DE8}") = "API Connector", "API Connector", "{A6480A08-D611-4D55-B118-AB6865609F91}"
EndProject
Project("{FAE04EC0-301F-11D3-BF4B-00C04F79EFBC}") = "HFEA.Connector.Service", "HFEA.API.Connector\Source\HFEA.Connector.BL\HFEA.Connector.Service.csproj", "{5D2C8B7E-444B-4524-81BA-64B7D4591F5A}"
EndProject
Project("{FAE04EC0-301F-11D3-BF4B-00C04F79EFBC}") = "HFEA.Connector.Test", "HFEA.API.Connector\Source\HFEA.Connector.Test\HFEA.Connector.Test.csproj", "{BACD1F35-A5F5-4C28-B157-EEB37C5541A0}"
EndProject
Project("{2150E333-8FDC-42A3-9474-1A3956D46DE8}") = "UI", "UI", "{BBDD9FF4-B77D-45E9-85C6-142B10489BA0}"
EndProject
Project("{FAE04EC0-301F-11D3-BF4B-00C04F79EFBC}") = "HFEA.Web.ViewModel", "HFEA.Web.ViewModel\HFEA.Web.ViewModel.csproj", "{C100A333-A984-405C-B01B-A3298919703E}"
EndProject
Project("{FAE04EC0-301F-11D3-BF4B-00C04F79EFBC}") = "HFEA.BL", "HFEA.BL\HFEA.BL.csproj", "{362184D6-561F-4147-B039-CBBB51C13527}"
EndProject
Project("{FAE04EC0-301F-11D3-BF4B-00C04F79EFBC}") = "HFEA.Web.Test", "HFEA.Web.Test\HFEA.Web.Test.csproj", "{54EBB462-3704-45E6-A19C-0E01D44F9207}"
EndProject
Project("{FAE04EC0-301F-11D3-BF4B-00C04F79EFBC}") = "HFEA.CMS", "HFEA.CMS\HFEA.CMS.csproj", "{31697216-183B-4501-A386-3685F4B8E138}"
EndProject
Project("{FAE04EC0-301F-11D3-BF4B-00C04F79EFBC}") = "HFEA.BL.Contracts", "HFEA.BL.Contracts\HFEA.BL.Contracts.csproj", "{2A93828B-532B-4746-BA12-5A69A00741AE}"
EndProject
Project("{2150E333-8FDC-42A3-9474-1A3956D46DE8}") = "Data", "Data", "{154CCC1D-9FDF-46DB-BFD6-9CE07A60D3F8}"
EndProject
Project("{FAE04EC0-301F-11D3-BF4B-00C04F79EFBC}") = "HFEA.Data.Access", "HFEA.Data.Access\HFEA.Data.Access.csproj", "{66B5E21B-E0DD-4BCE-99E6-D0F5EE01867D}"
EndProject
Project("{FAE04EC0-301F-11D3-BF4B-00C04F79EFBC}") = "HFEA.Data.Contracts", "HFEA.Data.Contracts\HFEA.Data.Contracts.csproj", "{2A00D092-D238-4CA3-B755-E0439A43450A}"
EndProject
Project("{FAE04EC0-301F-11D3-BF4B-00C04F79EFBC}") = "HFEA.References", "HFEA.References\HFEA.References.csproj", "{2B8ACE48-7D9D-46E3-AB47-7BBF2C24265A}"
EndProject
Project("{FAE04EC0-301F-11D3-BF4B-00C04F79EFBC}") = "HFEA.Connector.Global", "HFEA.API.Connector\Source\HFEA.Connector.Global\HFEA.Connector.Global.csproj", "{8571D543-7523-4C13-995B-CDD9E84DDCE9}"
EndProject
Project("{2150E333-8FDC-42A3-9474-1A3956D46DE8}") = "BL", "BL", "{95FBF4FB-3045-4B1B-83DC-AD1E42A75899}"
EndProject
Global
	GlobalSection(SolutionConfigurationPlatforms) = preSolution
		Debug|Any CPU = Debug|Any CPU
		Debug|ARM = Debug|ARM
		Debug|x64 = Debug|x64
		Debug|x86 = Debug|x86
		Development|Any CPU = Development|Any CPU
		Development|ARM = Development|ARM
		Development|x64 = Development|x64
		Development|x86 = Development|x86
		Local_DEV|Any CPU = Local_DEV|Any CPU
		Local_DEV|ARM = Local_DEV|ARM
		Local_DEV|x64 = Local_DEV|x64
		Local_DEV|x86 = Local_DEV|x86
		Local_FrontEnder|Any CPU = Local_FrontEnder|Any CPU
		Local_FrontEnder|ARM = Local_FrontEnder|ARM
		Local_FrontEnder|x64 = Local_FrontEnder|x64
		Local_FrontEnder|x86 = Local_FrontEnder|x86
		Release|Any CPU = Release|Any CPU
		Release|ARM = Release|ARM
		Release|x64 = Release|x64
		Release|x86 = Release|x86
		UAT|Any CPU = UAT|Any CPU
		UAT|ARM = UAT|ARM
		UAT|x64 = UAT|x64
		UAT|x86 = UAT|x86
	EndGlobalSection
	GlobalSection(ProjectConfigurationPlatforms) = postSolution
		{08C7371F-F416-4C68-AD47-D4EA19E865D0}.Debug|Any CPU.ActiveCfg = Debug|Any CPU
		{08C7371F-F416-4C68-AD47-D4EA19E865D0}.Debug|Any CPU.Build.0 = Debug|Any CPU
		{08C7371F-F416-4C68-AD47-D4EA19E865D0}.Debug|ARM.ActiveCfg = Debug|Any CPU
		{08C7371F-F416-4C68-AD47-D4EA19E865D0}.Debug|ARM.Build.0 = Debug|Any CPU
		{08C7371F-F416-4C68-AD47-D4EA19E865D0}.Debug|x64.ActiveCfg = Debug|Any CPU
		{08C7371F-F416-4C68-AD47-D4EA19E865D0}.Debug|x64.Build.0 = Debug|Any CPU
		{08C7371F-F416-4C68-AD47-D4EA19E865D0}.Debug|x86.ActiveCfg = Debug|Any CPU
		{08C7371F-F416-4C68-AD47-D4EA19E865D0}.Debug|x86.Build.0 = Debug|Any CPU
		{08C7371F-F416-4C68-AD47-D4EA19E865D0}.Development|Any CPU.ActiveCfg = Development|Any CPU
		{08C7371F-F416-4C68-AD47-D4EA19E865D0}.Development|Any CPU.Build.0 = Development|Any CPU
		{08C7371F-F416-4C68-AD47-D4EA19E865D0}.Development|ARM.ActiveCfg = Development|Any CPU
		{08C7371F-F416-4C68-AD47-D4EA19E865D0}.Development|ARM.Build.0 = Development|Any CPU
		{08C7371F-F416-4C68-AD47-D4EA19E865D0}.Development|x64.ActiveCfg = Development|Any CPU
		{08C7371F-F416-4C68-AD47-D4EA19E865D0}.Development|x64.Build.0 = Development|Any CPU
		{08C7371F-F416-4C68-AD47-D4EA19E865D0}.Development|x86.ActiveCfg = Development|Any CPU
		{08C7371F-F416-4C68-AD47-D4EA19E865D0}.Development|x86.Build.0 = Development|Any CPU
		{08C7371F-F416-4C68-AD47-D4EA19E865D0}.Local_DEV|Any CPU.ActiveCfg = Local_DEV|Any CPU
		{08C7371F-F416-4C68-AD47-D4EA19E865D0}.Local_DEV|Any CPU.Build.0 = Local_DEV|Any CPU
		{08C7371F-F416-4C68-AD47-D4EA19E865D0}.Local_DEV|ARM.ActiveCfg = Local_DEV|Any CPU
		{08C7371F-F416-4C68-AD47-D4EA19E865D0}.Local_DEV|ARM.Build.0 = Local_DEV|Any CPU
		{08C7371F-F416-4C68-AD47-D4EA19E865D0}.Local_DEV|x64.ActiveCfg = Local_DEV|Any CPU
		{08C7371F-F416-4C68-AD47-D4EA19E865D0}.Local_DEV|x64.Build.0 = Local_DEV|Any CPU
		{08C7371F-F416-4C68-AD47-D4EA19E865D0}.Local_DEV|x86.ActiveCfg = Local_DEV|Any CPU
		{08C7371F-F416-4C68-AD47-D4EA19E865D0}.Local_DEV|x86.Build.0 = Local_DEV|Any CPU
		{08C7371F-F416-4C68-AD47-D4EA19E865D0}.Local_FrontEnder|Any CPU.ActiveCfg = Local_FrontEnder|Any CPU
		{08C7371F-F416-4C68-AD47-D4EA19E865D0}.Local_FrontEnder|Any CPU.Build.0 = Local_FrontEnder|Any CPU
		{08C7371F-F416-4C68-AD47-D4EA19E865D0}.Local_FrontEnder|ARM.ActiveCfg = Local_FrontEnder|Any CPU
		{08C7371F-F416-4C68-AD47-D4EA19E865D0}.Local_FrontEnder|ARM.Build.0 = Local_FrontEnder|Any CPU
		{08C7371F-F416-4C68-AD47-D4EA19E865D0}.Local_FrontEnder|x64.ActiveCfg = Local_FrontEnder|Any CPU
		{08C7371F-F416-4C68-AD47-D4EA19E865D0}.Local_FrontEnder|x64.Build.0 = Local_FrontEnder|Any CPU
		{08C7371F-F416-4C68-AD47-D4EA19E865D0}.Local_FrontEnder|x86.ActiveCfg = Local_FrontEnder|Any CPU
		{08C7371F-F416-4C68-AD47-D4EA19E865D0}.Local_FrontEnder|x86.Build.0 = Local_FrontEnder|Any CPU
		{08C7371F-F416-4C68-AD47-D4EA19E865D0}.Release|Any CPU.ActiveCfg = Release|Any CPU
		{08C7371F-F416-4C68-AD47-D4EA19E865D0}.Release|Any CPU.Build.0 = Release|Any CPU
		{08C7371F-F416-4C68-AD47-D4EA19E865D0}.Release|ARM.ActiveCfg = Release|Any CPU
		{08C7371F-F416-4C68-AD47-D4EA19E865D0}.Release|ARM.Build.0 = Release|Any CPU
		{08C7371F-F416-4C68-AD47-D4EA19E865D0}.Release|x64.ActiveCfg = Release|Any CPU
		{08C7371F-F416-4C68-AD47-D4EA19E865D0}.Release|x64.Build.0 = Release|Any CPU
		{08C7371F-F416-4C68-AD47-D4EA19E865D0}.Release|x86.ActiveCfg = Release|Any CPU
		{08C7371F-F416-4C68-AD47-D4EA19E865D0}.Release|x86.Build.0 = Release|Any CPU
		{08C7371F-F416-4C68-AD47-D4EA19E865D0}.UAT|Any CPU.ActiveCfg = UAT|Any CPU
		{08C7371F-F416-4C68-AD47-D4EA19E865D0}.UAT|Any CPU.Build.0 = UAT|Any CPU
		{08C7371F-F416-4C68-AD47-D4EA19E865D0}.UAT|ARM.ActiveCfg = UAT|Any CPU
		{08C7371F-F416-4C68-AD47-D4EA19E865D0}.UAT|ARM.Build.0 = UAT|Any CPU
		{08C7371F-F416-4C68-AD47-D4EA19E865D0}.UAT|x64.ActiveCfg = UAT|Any CPU
		{08C7371F-F416-4C68-AD47-D4EA19E865D0}.UAT|x64.Build.0 = UAT|Any CPU
		{08C7371F-F416-4C68-AD47-D4EA19E865D0}.UAT|x86.ActiveCfg = UAT|Any CPU
		{08C7371F-F416-4C68-AD47-D4EA19E865D0}.UAT|x86.Build.0 = UAT|Any CPU
		{03A16DF2-4C8D-4367-8F55-4DCB7000553E}.Debug|Any CPU.ActiveCfg = Debug|Any CPU
		{03A16DF2-4C8D-4367-8F55-4DCB7000553E}.Debug|Any CPU.Build.0 = Debug|Any CPU
		{03A16DF2-4C8D-4367-8F55-4DCB7000553E}.Debug|ARM.ActiveCfg = Debug|Any CPU
		{03A16DF2-4C8D-4367-8F55-4DCB7000553E}.Debug|ARM.Build.0 = Debug|Any CPU
		{03A16DF2-4C8D-4367-8F55-4DCB7000553E}.Debug|x64.ActiveCfg = Debug|Any CPU
		{03A16DF2-4C8D-4367-8F55-4DCB7000553E}.Debug|x64.Build.0 = Debug|Any CPU
		{03A16DF2-4C8D-4367-8F55-4DCB7000553E}.Debug|x86.ActiveCfg = Debug|Any CPU
		{03A16DF2-4C8D-4367-8F55-4DCB7000553E}.Debug|x86.Build.0 = Debug|Any CPU
		{03A16DF2-4C8D-4367-8F55-4DCB7000553E}.Development|Any CPU.ActiveCfg = Debug|Any CPU
		{03A16DF2-4C8D-4367-8F55-4DCB7000553E}.Development|Any CPU.Build.0 = Debug|Any CPU
		{03A16DF2-4C8D-4367-8F55-4DCB7000553E}.Development|ARM.ActiveCfg = Debug|Any CPU
		{03A16DF2-4C8D-4367-8F55-4DCB7000553E}.Development|ARM.Build.0 = Debug|Any CPU
		{03A16DF2-4C8D-4367-8F55-4DCB7000553E}.Development|x64.ActiveCfg = Debug|Any CPU
		{03A16DF2-4C8D-4367-8F55-4DCB7000553E}.Development|x64.Build.0 = Debug|Any CPU
		{03A16DF2-4C8D-4367-8F55-4DCB7000553E}.Development|x86.ActiveCfg = Debug|Any CPU
		{03A16DF2-4C8D-4367-8F55-4DCB7000553E}.Development|x86.Build.0 = Debug|Any CPU
		{03A16DF2-4C8D-4367-8F55-4DCB7000553E}.Local_DEV|Any CPU.ActiveCfg = Debug|Any CPU
		{03A16DF2-4C8D-4367-8F55-4DCB7000553E}.Local_DEV|Any CPU.Build.0 = Debug|Any CPU
		{03A16DF2-4C8D-4367-8F55-4DCB7000553E}.Local_DEV|ARM.ActiveCfg = Release|Any CPU
		{03A16DF2-4C8D-4367-8F55-4DCB7000553E}.Local_DEV|ARM.Build.0 = Release|Any CPU
		{03A16DF2-4C8D-4367-8F55-4DCB7000553E}.Local_DEV|x64.ActiveCfg = Release|Any CPU
		{03A16DF2-4C8D-4367-8F55-4DCB7000553E}.Local_DEV|x64.Build.0 = Release|Any CPU
		{03A16DF2-4C8D-4367-8F55-4DCB7000553E}.Local_DEV|x86.ActiveCfg = Release|Any CPU
		{03A16DF2-4C8D-4367-8F55-4DCB7000553E}.Local_DEV|x86.Build.0 = Release|Any CPU
		{03A16DF2-4C8D-4367-8F55-4DCB7000553E}.Local_FrontEnder|Any CPU.ActiveCfg = Release|Any CPU
		{03A16DF2-4C8D-4367-8F55-4DCB7000553E}.Local_FrontEnder|Any CPU.Build.0 = Release|Any CPU
		{03A16DF2-4C8D-4367-8F55-4DCB7000553E}.Local_FrontEnder|ARM.ActiveCfg = Release|Any CPU
		{03A16DF2-4C8D-4367-8F55-4DCB7000553E}.Local_FrontEnder|ARM.Build.0 = Release|Any CPU
		{03A16DF2-4C8D-4367-8F55-4DCB7000553E}.Local_FrontEnder|x64.ActiveCfg = Release|Any CPU
		{03A16DF2-4C8D-4367-8F55-4DCB7000553E}.Local_FrontEnder|x64.Build.0 = Release|Any CPU
		{03A16DF2-4C8D-4367-8F55-4DCB7000553E}.Local_FrontEnder|x86.ActiveCfg = Release|Any CPU
		{03A16DF2-4C8D-4367-8F55-4DCB7000553E}.Local_FrontEnder|x86.Build.0 = Release|Any CPU
		{03A16DF2-4C8D-4367-8F55-4DCB7000553E}.Release|Any CPU.ActiveCfg = Release|Any CPU
		{03A16DF2-4C8D-4367-8F55-4DCB7000553E}.Release|Any CPU.Build.0 = Release|Any CPU
		{03A16DF2-4C8D-4367-8F55-4DCB7000553E}.Release|ARM.ActiveCfg = Release|Any CPU
		{03A16DF2-4C8D-4367-8F55-4DCB7000553E}.Release|ARM.Build.0 = Release|Any CPU
		{03A16DF2-4C8D-4367-8F55-4DCB7000553E}.Release|x64.ActiveCfg = Release|Any CPU
		{03A16DF2-4C8D-4367-8F55-4DCB7000553E}.Release|x64.Build.0 = Release|Any CPU
		{03A16DF2-4C8D-4367-8F55-4DCB7000553E}.Release|x86.ActiveCfg = Release|Any CPU
		{03A16DF2-4C8D-4367-8F55-4DCB7000553E}.Release|x86.Build.0 = Release|Any CPU
		{03A16DF2-4C8D-4367-8F55-4DCB7000553E}.UAT|Any CPU.ActiveCfg = Release|Any CPU
		{03A16DF2-4C8D-4367-8F55-4DCB7000553E}.UAT|Any CPU.Build.0 = Release|Any CPU
		{03A16DF2-4C8D-4367-8F55-4DCB7000553E}.UAT|ARM.ActiveCfg = Release|Any CPU
		{03A16DF2-4C8D-4367-8F55-4DCB7000553E}.UAT|ARM.Build.0 = Release|Any CPU
		{03A16DF2-4C8D-4367-8F55-4DCB7000553E}.UAT|x64.ActiveCfg = Release|Any CPU
		{03A16DF2-4C8D-4367-8F55-4DCB7000553E}.UAT|x64.Build.0 = Release|Any CPU
		{03A16DF2-4C8D-4367-8F55-4DCB7000553E}.UAT|x86.ActiveCfg = Release|Any CPU
		{03A16DF2-4C8D-4367-8F55-4DCB7000553E}.UAT|x86.Build.0 = Release|Any CPU
		{F163633F-49FC-43D1-AD23-F982A3D9FDFE}.Debug|Any CPU.ActiveCfg = Debug|Any CPU
		{F163633F-49FC-43D1-AD23-F982A3D9FDFE}.Debug|Any CPU.Build.0 = Debug|Any CPU
		{F163633F-49FC-43D1-AD23-F982A3D9FDFE}.Debug|ARM.ActiveCfg = Debug|Any CPU
		{F163633F-49FC-43D1-AD23-F982A3D9FDFE}.Debug|ARM.Build.0 = Debug|Any CPU
		{F163633F-49FC-43D1-AD23-F982A3D9FDFE}.Debug|x64.ActiveCfg = Debug|Any CPU
		{F163633F-49FC-43D1-AD23-F982A3D9FDFE}.Debug|x64.Build.0 = Debug|Any CPU
		{F163633F-49FC-43D1-AD23-F982A3D9FDFE}.Debug|x86.ActiveCfg = Debug|Any CPU
		{F163633F-49FC-43D1-AD23-F982A3D9FDFE}.Debug|x86.Build.0 = Debug|Any CPU
		{F163633F-49FC-43D1-AD23-F982A3D9FDFE}.Development|Any CPU.ActiveCfg = Debug|Any CPU
		{F163633F-49FC-43D1-AD23-F982A3D9FDFE}.Development|Any CPU.Build.0 = Debug|Any CPU
		{F163633F-49FC-43D1-AD23-F982A3D9FDFE}.Development|ARM.ActiveCfg = Debug|Any CPU
		{F163633F-49FC-43D1-AD23-F982A3D9FDFE}.Development|ARM.Build.0 = Debug|Any CPU
		{F163633F-49FC-43D1-AD23-F982A3D9FDFE}.Development|x64.ActiveCfg = Debug|Any CPU
		{F163633F-49FC-43D1-AD23-F982A3D9FDFE}.Development|x64.Build.0 = Debug|Any CPU
		{F163633F-49FC-43D1-AD23-F982A3D9FDFE}.Development|x86.ActiveCfg = Debug|Any CPU
		{F163633F-49FC-43D1-AD23-F982A3D9FDFE}.Development|x86.Build.0 = Debug|Any CPU
		{F163633F-49FC-43D1-AD23-F982A3D9FDFE}.Local_DEV|Any CPU.ActiveCfg = Debug|Any CPU
		{F163633F-49FC-43D1-AD23-F982A3D9FDFE}.Local_DEV|Any CPU.Build.0 = Debug|Any CPU
		{F163633F-49FC-43D1-AD23-F982A3D9FDFE}.Local_DEV|ARM.ActiveCfg = Release|Any CPU
		{F163633F-49FC-43D1-AD23-F982A3D9FDFE}.Local_DEV|ARM.Build.0 = Release|Any CPU
		{F163633F-49FC-43D1-AD23-F982A3D9FDFE}.Local_DEV|x64.ActiveCfg = Release|Any CPU
		{F163633F-49FC-43D1-AD23-F982A3D9FDFE}.Local_DEV|x64.Build.0 = Release|Any CPU
		{F163633F-49FC-43D1-AD23-F982A3D9FDFE}.Local_DEV|x86.ActiveCfg = Release|Any CPU
		{F163633F-49FC-43D1-AD23-F982A3D9FDFE}.Local_DEV|x86.Build.0 = Release|Any CPU
		{F163633F-49FC-43D1-AD23-F982A3D9FDFE}.Local_FrontEnder|Any CPU.ActiveCfg = Release|Any CPU
		{F163633F-49FC-43D1-AD23-F982A3D9FDFE}.Local_FrontEnder|Any CPU.Build.0 = Release|Any CPU
		{F163633F-49FC-43D1-AD23-F982A3D9FDFE}.Local_FrontEnder|ARM.ActiveCfg = Release|Any CPU
		{F163633F-49FC-43D1-AD23-F982A3D9FDFE}.Local_FrontEnder|ARM.Build.0 = Release|Any CPU
		{F163633F-49FC-43D1-AD23-F982A3D9FDFE}.Local_FrontEnder|x64.ActiveCfg = Release|Any CPU
		{F163633F-49FC-43D1-AD23-F982A3D9FDFE}.Local_FrontEnder|x64.Build.0 = Release|Any CPU
		{F163633F-49FC-43D1-AD23-F982A3D9FDFE}.Local_FrontEnder|x86.ActiveCfg = Release|Any CPU
		{F163633F-49FC-43D1-AD23-F982A3D9FDFE}.Local_FrontEnder|x86.Build.0 = Release|Any CPU
		{F163633F-49FC-43D1-AD23-F982A3D9FDFE}.Release|Any CPU.ActiveCfg = Release|Any CPU
		{F163633F-49FC-43D1-AD23-F982A3D9FDFE}.Release|Any CPU.Build.0 = Release|Any CPU
		{F163633F-49FC-43D1-AD23-F982A3D9FDFE}.Release|ARM.ActiveCfg = Release|Any CPU
		{F163633F-49FC-43D1-AD23-F982A3D9FDFE}.Release|ARM.Build.0 = Release|Any CPU
		{F163633F-49FC-43D1-AD23-F982A3D9FDFE}.Release|x64.ActiveCfg = Release|Any CPU
		{F163633F-49FC-43D1-AD23-F982A3D9FDFE}.Release|x64.Build.0 = Release|Any CPU
		{F163633F-49FC-43D1-AD23-F982A3D9FDFE}.Release|x86.ActiveCfg = Release|Any CPU
		{F163633F-49FC-43D1-AD23-F982A3D9FDFE}.Release|x86.Build.0 = Release|Any CPU
		{F163633F-49FC-43D1-AD23-F982A3D9FDFE}.UAT|Any CPU.ActiveCfg = Release|Any CPU
		{F163633F-49FC-43D1-AD23-F982A3D9FDFE}.UAT|Any CPU.Build.0 = Release|Any CPU
		{F163633F-49FC-43D1-AD23-F982A3D9FDFE}.UAT|ARM.ActiveCfg = Release|Any CPU
		{F163633F-49FC-43D1-AD23-F982A3D9FDFE}.UAT|ARM.Build.0 = Release|Any CPU
		{F163633F-49FC-43D1-AD23-F982A3D9FDFE}.UAT|x64.ActiveCfg = Release|Any CPU
		{F163633F-49FC-43D1-AD23-F982A3D9FDFE}.UAT|x64.Build.0 = Release|Any CPU
		{F163633F-49FC-43D1-AD23-F982A3D9FDFE}.UAT|x86.ActiveCfg = Release|Any CPU
		{F163633F-49FC-43D1-AD23-F982A3D9FDFE}.UAT|x86.Build.0 = Release|Any CPU
		{5D2C8B7E-444B-4524-81BA-64B7D4591F5A}.Debug|Any CPU.ActiveCfg = Debug|Any CPU
		{5D2C8B7E-444B-4524-81BA-64B7D4591F5A}.Debug|Any CPU.Build.0 = Debug|Any CPU
		{5D2C8B7E-444B-4524-81BA-64B7D4591F5A}.Debug|ARM.ActiveCfg = Debug|Any CPU
		{5D2C8B7E-444B-4524-81BA-64B7D4591F5A}.Debug|ARM.Build.0 = Debug|Any CPU
		{5D2C8B7E-444B-4524-81BA-64B7D4591F5A}.Debug|x64.ActiveCfg = Debug|Any CPU
		{5D2C8B7E-444B-4524-81BA-64B7D4591F5A}.Debug|x64.Build.0 = Debug|Any CPU
		{5D2C8B7E-444B-4524-81BA-64B7D4591F5A}.Debug|x86.ActiveCfg = Debug|Any CPU
		{5D2C8B7E-444B-4524-81BA-64B7D4591F5A}.Debug|x86.Build.0 = Debug|Any CPU
		{5D2C8B7E-444B-4524-81BA-64B7D4591F5A}.Development|Any CPU.ActiveCfg = Debug|Any CPU
		{5D2C8B7E-444B-4524-81BA-64B7D4591F5A}.Development|Any CPU.Build.0 = Debug|Any CPU
		{5D2C8B7E-444B-4524-81BA-64B7D4591F5A}.Development|ARM.ActiveCfg = Debug|Any CPU
		{5D2C8B7E-444B-4524-81BA-64B7D4591F5A}.Development|ARM.Build.0 = Debug|Any CPU
		{5D2C8B7E-444B-4524-81BA-64B7D4591F5A}.Development|x64.ActiveCfg = Debug|Any CPU
		{5D2C8B7E-444B-4524-81BA-64B7D4591F5A}.Development|x64.Build.0 = Debug|Any CPU
		{5D2C8B7E-444B-4524-81BA-64B7D4591F5A}.Development|x86.ActiveCfg = Debug|Any CPU
		{5D2C8B7E-444B-4524-81BA-64B7D4591F5A}.Development|x86.Build.0 = Debug|Any CPU
		{5D2C8B7E-444B-4524-81BA-64B7D4591F5A}.Local_DEV|Any CPU.ActiveCfg = Debug|Any CPU
		{5D2C8B7E-444B-4524-81BA-64B7D4591F5A}.Local_DEV|Any CPU.Build.0 = Debug|Any CPU
		{5D2C8B7E-444B-4524-81BA-64B7D4591F5A}.Local_DEV|ARM.ActiveCfg = Release|Any CPU
		{5D2C8B7E-444B-4524-81BA-64B7D4591F5A}.Local_DEV|ARM.Build.0 = Release|Any CPU
		{5D2C8B7E-444B-4524-81BA-64B7D4591F5A}.Local_DEV|x64.ActiveCfg = Release|Any CPU
		{5D2C8B7E-444B-4524-81BA-64B7D4591F5A}.Local_DEV|x64.Build.0 = Release|Any CPU
		{5D2C8B7E-444B-4524-81BA-64B7D4591F5A}.Local_DEV|x86.ActiveCfg = Release|Any CPU
		{5D2C8B7E-444B-4524-81BA-64B7D4591F5A}.Local_DEV|x86.Build.0 = Release|Any CPU
		{5D2C8B7E-444B-4524-81BA-64B7D4591F5A}.Local_FrontEnder|Any CPU.ActiveCfg = Release|Any CPU
		{5D2C8B7E-444B-4524-81BA-64B7D4591F5A}.Local_FrontEnder|Any CPU.Build.0 = Release|Any CPU
		{5D2C8B7E-444B-4524-81BA-64B7D4591F5A}.Local_FrontEnder|ARM.ActiveCfg = Release|Any CPU
		{5D2C8B7E-444B-4524-81BA-64B7D4591F5A}.Local_FrontEnder|ARM.Build.0 = Release|Any CPU
		{5D2C8B7E-444B-4524-81BA-64B7D4591F5A}.Local_FrontEnder|x64.ActiveCfg = Release|Any CPU
		{5D2C8B7E-444B-4524-81BA-64B7D4591F5A}.Local_FrontEnder|x64.Build.0 = Release|Any CPU
		{5D2C8B7E-444B-4524-81BA-64B7D4591F5A}.Local_FrontEnder|x86.ActiveCfg = Release|Any CPU
		{5D2C8B7E-444B-4524-81BA-64B7D4591F5A}.Local_FrontEnder|x86.Build.0 = Release|Any CPU
		{5D2C8B7E-444B-4524-81BA-64B7D4591F5A}.Release|Any CPU.ActiveCfg = Release|Any CPU
		{5D2C8B7E-444B-4524-81BA-64B7D4591F5A}.Release|Any CPU.Build.0 = Release|Any CPU
		{5D2C8B7E-444B-4524-81BA-64B7D4591F5A}.Release|ARM.ActiveCfg = Release|Any CPU
		{5D2C8B7E-444B-4524-81BA-64B7D4591F5A}.Release|ARM.Build.0 = Release|Any CPU
		{5D2C8B7E-444B-4524-81BA-64B7D4591F5A}.Release|x64.ActiveCfg = Release|Any CPU
		{5D2C8B7E-444B-4524-81BA-64B7D4591F5A}.Release|x64.Build.0 = Release|Any CPU
		{5D2C8B7E-444B-4524-81BA-64B7D4591F5A}.Release|x86.ActiveCfg = Release|Any CPU
		{5D2C8B7E-444B-4524-81BA-64B7D4591F5A}.Release|x86.Build.0 = Release|Any CPU
		{5D2C8B7E-444B-4524-81BA-64B7D4591F5A}.UAT|Any CPU.ActiveCfg = Release|Any CPU
		{5D2C8B7E-444B-4524-81BA-64B7D4591F5A}.UAT|Any CPU.Build.0 = Release|Any CPU
		{5D2C8B7E-444B-4524-81BA-64B7D4591F5A}.UAT|ARM.ActiveCfg = Release|Any CPU
		{5D2C8B7E-444B-4524-81BA-64B7D4591F5A}.UAT|ARM.Build.0 = Release|Any CPU
		{5D2C8B7E-444B-4524-81BA-64B7D4591F5A}.UAT|x64.ActiveCfg = Release|Any CPU
		{5D2C8B7E-444B-4524-81BA-64B7D4591F5A}.UAT|x64.Build.0 = Release|Any CPU
		{5D2C8B7E-444B-4524-81BA-64B7D4591F5A}.UAT|x86.ActiveCfg = Release|Any CPU
		{5D2C8B7E-444B-4524-81BA-64B7D4591F5A}.UAT|x86.Build.0 = Release|Any CPU
		{BACD1F35-A5F5-4C28-B157-EEB37C5541A0}.Debug|Any CPU.ActiveCfg = Debug|Any CPU
		{BACD1F35-A5F5-4C28-B157-EEB37C5541A0}.Debug|Any CPU.Build.0 = Debug|Any CPU
		{BACD1F35-A5F5-4C28-B157-EEB37C5541A0}.Debug|ARM.ActiveCfg = Debug|Any CPU
		{BACD1F35-A5F5-4C28-B157-EEB37C5541A0}.Debug|ARM.Build.0 = Debug|Any CPU
		{BACD1F35-A5F5-4C28-B157-EEB37C5541A0}.Debug|x64.ActiveCfg = Debug|Any CPU
		{BACD1F35-A5F5-4C28-B157-EEB37C5541A0}.Debug|x64.Build.0 = Debug|Any CPU
		{BACD1F35-A5F5-4C28-B157-EEB37C5541A0}.Debug|x86.ActiveCfg = Debug|Any CPU
		{BACD1F35-A5F5-4C28-B157-EEB37C5541A0}.Debug|x86.Build.0 = Debug|Any CPU
		{BACD1F35-A5F5-4C28-B157-EEB37C5541A0}.Development|Any CPU.ActiveCfg = Debug|Any CPU
		{BACD1F35-A5F5-4C28-B157-EEB37C5541A0}.Development|Any CPU.Build.0 = Debug|Any CPU
		{BACD1F35-A5F5-4C28-B157-EEB37C5541A0}.Development|ARM.ActiveCfg = Debug|Any CPU
		{BACD1F35-A5F5-4C28-B157-EEB37C5541A0}.Development|ARM.Build.0 = Debug|Any CPU
		{BACD1F35-A5F5-4C28-B157-EEB37C5541A0}.Development|x64.ActiveCfg = Debug|Any CPU
		{BACD1F35-A5F5-4C28-B157-EEB37C5541A0}.Development|x64.Build.0 = Debug|Any CPU
		{BACD1F35-A5F5-4C28-B157-EEB37C5541A0}.Development|x86.ActiveCfg = Debug|Any CPU
		{BACD1F35-A5F5-4C28-B157-EEB37C5541A0}.Development|x86.Build.0 = Debug|Any CPU
		{BACD1F35-A5F5-4C28-B157-EEB37C5541A0}.Local_DEV|Any CPU.ActiveCfg = Debug|Any CPU
		{BACD1F35-A5F5-4C28-B157-EEB37C5541A0}.Local_DEV|Any CPU.Build.0 = Debug|Any CPU
		{BACD1F35-A5F5-4C28-B157-EEB37C5541A0}.Local_DEV|ARM.ActiveCfg = Release|Any CPU
		{BACD1F35-A5F5-4C28-B157-EEB37C5541A0}.Local_DEV|ARM.Build.0 = Release|Any CPU
		{BACD1F35-A5F5-4C28-B157-EEB37C5541A0}.Local_DEV|x64.ActiveCfg = Release|Any CPU
		{BACD1F35-A5F5-4C28-B157-EEB37C5541A0}.Local_DEV|x64.Build.0 = Release|Any CPU
		{BACD1F35-A5F5-4C28-B157-EEB37C5541A0}.Local_DEV|x86.ActiveCfg = Release|Any CPU
		{BACD1F35-A5F5-4C28-B157-EEB37C5541A0}.Local_DEV|x86.Build.0 = Release|Any CPU
		{BACD1F35-A5F5-4C28-B157-EEB37C5541A0}.Local_FrontEnder|Any CPU.ActiveCfg = Release|Any CPU
		{BACD1F35-A5F5-4C28-B157-EEB37C5541A0}.Local_FrontEnder|Any CPU.Build.0 = Release|Any CPU
		{BACD1F35-A5F5-4C28-B157-EEB37C5541A0}.Local_FrontEnder|ARM.ActiveCfg = Release|Any CPU
		{BACD1F35-A5F5-4C28-B157-EEB37C5541A0}.Local_FrontEnder|ARM.Build.0 = Release|Any CPU
		{BACD1F35-A5F5-4C28-B157-EEB37C5541A0}.Local_FrontEnder|x64.ActiveCfg = Release|Any CPU
		{BACD1F35-A5F5-4C28-B157-EEB37C5541A0}.Local_FrontEnder|x64.Build.0 = Release|Any CPU
		{BACD1F35-A5F5-4C28-B157-EEB37C5541A0}.Local_FrontEnder|x86.ActiveCfg = Release|Any CPU
		{BACD1F35-A5F5-4C28-B157-EEB37C5541A0}.Local_FrontEnder|x86.Build.0 = Release|Any CPU
		{BACD1F35-A5F5-4C28-B157-EEB37C5541A0}.Release|Any CPU.ActiveCfg = Release|Any CPU
		{BACD1F35-A5F5-4C28-B157-EEB37C5541A0}.Release|Any CPU.Build.0 = Release|Any CPU
		{BACD1F35-A5F5-4C28-B157-EEB37C5541A0}.Release|ARM.ActiveCfg = Release|Any CPU
		{BACD1F35-A5F5-4C28-B157-EEB37C5541A0}.Release|ARM.Build.0 = Release|Any CPU
		{BACD1F35-A5F5-4C28-B157-EEB37C5541A0}.Release|x64.ActiveCfg = Release|Any CPU
		{BACD1F35-A5F5-4C28-B157-EEB37C5541A0}.Release|x64.Build.0 = Release|Any CPU
		{BACD1F35-A5F5-4C28-B157-EEB37C5541A0}.Release|x86.ActiveCfg = Release|Any CPU
		{BACD1F35-A5F5-4C28-B157-EEB37C5541A0}.Release|x86.Build.0 = Release|Any CPU
		{BACD1F35-A5F5-4C28-B157-EEB37C5541A0}.UAT|Any CPU.ActiveCfg = Release|Any CPU
		{BACD1F35-A5F5-4C28-B157-EEB37C5541A0}.UAT|Any CPU.Build.0 = Release|Any CPU
		{BACD1F35-A5F5-4C28-B157-EEB37C5541A0}.UAT|ARM.ActiveCfg = Release|Any CPU
		{BACD1F35-A5F5-4C28-B157-EEB37C5541A0}.UAT|ARM.Build.0 = Release|Any CPU
		{BACD1F35-A5F5-4C28-B157-EEB37C5541A0}.UAT|x64.ActiveCfg = Release|Any CPU
		{BACD1F35-A5F5-4C28-B157-EEB37C5541A0}.UAT|x64.Build.0 = Release|Any CPU
		{BACD1F35-A5F5-4C28-B157-EEB37C5541A0}.UAT|x86.ActiveCfg = Release|Any CPU
		{BACD1F35-A5F5-4C28-B157-EEB37C5541A0}.UAT|x86.Build.0 = Release|Any CPU
		{C100A333-A984-405C-B01B-A3298919703E}.Debug|Any CPU.ActiveCfg = Debug|Any CPU
		{C100A333-A984-405C-B01B-A3298919703E}.Debug|Any CPU.Build.0 = Debug|Any CPU
		{C100A333-A984-405C-B01B-A3298919703E}.Debug|ARM.ActiveCfg = Debug|Any CPU
		{C100A333-A984-405C-B01B-A3298919703E}.Debug|ARM.Build.0 = Debug|Any CPU
		{C100A333-A984-405C-B01B-A3298919703E}.Debug|x64.ActiveCfg = Debug|Any CPU
		{C100A333-A984-405C-B01B-A3298919703E}.Debug|x64.Build.0 = Debug|Any CPU
		{C100A333-A984-405C-B01B-A3298919703E}.Debug|x86.ActiveCfg = Debug|Any CPU
		{C100A333-A984-405C-B01B-A3298919703E}.Debug|x86.Build.0 = Debug|Any CPU
		{C100A333-A984-405C-B01B-A3298919703E}.Development|Any CPU.ActiveCfg = Debug|Any CPU
		{C100A333-A984-405C-B01B-A3298919703E}.Development|Any CPU.Build.0 = Debug|Any CPU
		{C100A333-A984-405C-B01B-A3298919703E}.Development|ARM.ActiveCfg = Debug|Any CPU
		{C100A333-A984-405C-B01B-A3298919703E}.Development|ARM.Build.0 = Debug|Any CPU
		{C100A333-A984-405C-B01B-A3298919703E}.Development|x64.ActiveCfg = Debug|Any CPU
		{C100A333-A984-405C-B01B-A3298919703E}.Development|x64.Build.0 = Debug|Any CPU
		{C100A333-A984-405C-B01B-A3298919703E}.Development|x86.ActiveCfg = Debug|Any CPU
		{C100A333-A984-405C-B01B-A3298919703E}.Development|x86.Build.0 = Debug|Any CPU
		{C100A333-A984-405C-B01B-A3298919703E}.Local_DEV|Any CPU.ActiveCfg = Debug|Any CPU
		{C100A333-A984-405C-B01B-A3298919703E}.Local_DEV|Any CPU.Build.0 = Debug|Any CPU
		{C100A333-A984-405C-B01B-A3298919703E}.Local_DEV|ARM.ActiveCfg = Release|Any CPU
		{C100A333-A984-405C-B01B-A3298919703E}.Local_DEV|ARM.Build.0 = Release|Any CPU
		{C100A333-A984-405C-B01B-A3298919703E}.Local_DEV|x64.ActiveCfg = Release|Any CPU
		{C100A333-A984-405C-B01B-A3298919703E}.Local_DEV|x64.Build.0 = Release|Any CPU
		{C100A333-A984-405C-B01B-A3298919703E}.Local_DEV|x86.ActiveCfg = Release|Any CPU
		{C100A333-A984-405C-B01B-A3298919703E}.Local_DEV|x86.Build.0 = Release|Any CPU
		{C100A333-A984-405C-B01B-A3298919703E}.Local_FrontEnder|Any CPU.ActiveCfg = Release|Any CPU
		{C100A333-A984-405C-B01B-A3298919703E}.Local_FrontEnder|Any CPU.Build.0 = Release|Any CPU
		{C100A333-A984-405C-B01B-A3298919703E}.Local_FrontEnder|ARM.ActiveCfg = Release|Any CPU
		{C100A333-A984-405C-B01B-A3298919703E}.Local_FrontEnder|ARM.Build.0 = Release|Any CPU
		{C100A333-A984-405C-B01B-A3298919703E}.Local_FrontEnder|x64.ActiveCfg = Release|Any CPU
		{C100A333-A984-405C-B01B-A3298919703E}.Local_FrontEnder|x64.Build.0 = Release|Any CPU
		{C100A333-A984-405C-B01B-A3298919703E}.Local_FrontEnder|x86.ActiveCfg = Release|Any CPU
		{C100A333-A984-405C-B01B-A3298919703E}.Local_FrontEnder|x86.Build.0 = Release|Any CPU
		{C100A333-A984-405C-B01B-A3298919703E}.Release|Any CPU.ActiveCfg = Release|Any CPU
		{C100A333-A984-405C-B01B-A3298919703E}.Release|Any CPU.Build.0 = Release|Any CPU
		{C100A333-A984-405C-B01B-A3298919703E}.Release|ARM.ActiveCfg = Release|Any CPU
		{C100A333-A984-405C-B01B-A3298919703E}.Release|ARM.Build.0 = Release|Any CPU
		{C100A333-A984-405C-B01B-A3298919703E}.Release|x64.ActiveCfg = Release|Any CPU
		{C100A333-A984-405C-B01B-A3298919703E}.Release|x64.Build.0 = Release|Any CPU
		{C100A333-A984-405C-B01B-A3298919703E}.Release|x86.ActiveCfg = Release|Any CPU
		{C100A333-A984-405C-B01B-A3298919703E}.Release|x86.Build.0 = Release|Any CPU
		{C100A333-A984-405C-B01B-A3298919703E}.UAT|Any CPU.ActiveCfg = Release|Any CPU
		{C100A333-A984-405C-B01B-A3298919703E}.UAT|Any CPU.Build.0 = Release|Any CPU
		{C100A333-A984-405C-B01B-A3298919703E}.UAT|ARM.ActiveCfg = Release|Any CPU
		{C100A333-A984-405C-B01B-A3298919703E}.UAT|ARM.Build.0 = Release|Any CPU
		{C100A333-A984-405C-B01B-A3298919703E}.UAT|x64.ActiveCfg = Release|Any CPU
		{C100A333-A984-405C-B01B-A3298919703E}.UAT|x64.Build.0 = Release|Any CPU
		{C100A333-A984-405C-B01B-A3298919703E}.UAT|x86.ActiveCfg = Release|Any CPU
		{C100A333-A984-405C-B01B-A3298919703E}.UAT|x86.Build.0 = Release|Any CPU
		{362184D6-561F-4147-B039-CBBB51C13527}.Debug|Any CPU.ActiveCfg = Debug|Any CPU
		{362184D6-561F-4147-B039-CBBB51C13527}.Debug|Any CPU.Build.0 = Debug|Any CPU
		{362184D6-561F-4147-B039-CBBB51C13527}.Debug|ARM.ActiveCfg = Debug|Any CPU
		{362184D6-561F-4147-B039-CBBB51C13527}.Debug|ARM.Build.0 = Debug|Any CPU
		{362184D6-561F-4147-B039-CBBB51C13527}.Debug|x64.ActiveCfg = Debug|Any CPU
		{362184D6-561F-4147-B039-CBBB51C13527}.Debug|x64.Build.0 = Debug|Any CPU
		{362184D6-561F-4147-B039-CBBB51C13527}.Debug|x86.ActiveCfg = Debug|Any CPU
		{362184D6-561F-4147-B039-CBBB51C13527}.Debug|x86.Build.0 = Debug|Any CPU
		{362184D6-561F-4147-B039-CBBB51C13527}.Development|Any CPU.ActiveCfg = Debug|Any CPU
		{362184D6-561F-4147-B039-CBBB51C13527}.Development|Any CPU.Build.0 = Debug|Any CPU
		{362184D6-561F-4147-B039-CBBB51C13527}.Development|ARM.ActiveCfg = Debug|Any CPU
		{362184D6-561F-4147-B039-CBBB51C13527}.Development|ARM.Build.0 = Debug|Any CPU
		{362184D6-561F-4147-B039-CBBB51C13527}.Development|x64.ActiveCfg = Debug|Any CPU
		{362184D6-561F-4147-B039-CBBB51C13527}.Development|x64.Build.0 = Debug|Any CPU
		{362184D6-561F-4147-B039-CBBB51C13527}.Development|x86.ActiveCfg = Debug|Any CPU
		{362184D6-561F-4147-B039-CBBB51C13527}.Development|x86.Build.0 = Debug|Any CPU
		{362184D6-561F-4147-B039-CBBB51C13527}.Local_DEV|Any CPU.ActiveCfg = Debug|Any CPU
		{362184D6-561F-4147-B039-CBBB51C13527}.Local_DEV|Any CPU.Build.0 = Debug|Any CPU
		{362184D6-561F-4147-B039-CBBB51C13527}.Local_DEV|ARM.ActiveCfg = Release|Any CPU
		{362184D6-561F-4147-B039-CBBB51C13527}.Local_DEV|ARM.Build.0 = Release|Any CPU
		{362184D6-561F-4147-B039-CBBB51C13527}.Local_DEV|x64.ActiveCfg = Release|Any CPU
		{362184D6-561F-4147-B039-CBBB51C13527}.Local_DEV|x64.Build.0 = Release|Any CPU
		{362184D6-561F-4147-B039-CBBB51C13527}.Local_DEV|x86.ActiveCfg = Release|Any CPU
		{362184D6-561F-4147-B039-CBBB51C13527}.Local_DEV|x86.Build.0 = Release|Any CPU
		{362184D6-561F-4147-B039-CBBB51C13527}.Local_FrontEnder|Any CPU.ActiveCfg = Release|Any CPU
		{362184D6-561F-4147-B039-CBBB51C13527}.Local_FrontEnder|Any CPU.Build.0 = Release|Any CPU
		{362184D6-561F-4147-B039-CBBB51C13527}.Local_FrontEnder|ARM.ActiveCfg = Release|Any CPU
		{362184D6-561F-4147-B039-CBBB51C13527}.Local_FrontEnder|ARM.Build.0 = Release|Any CPU
		{362184D6-561F-4147-B039-CBBB51C13527}.Local_FrontEnder|x64.ActiveCfg = Release|Any CPU
		{362184D6-561F-4147-B039-CBBB51C13527}.Local_FrontEnder|x64.Build.0 = Release|Any CPU
		{362184D6-561F-4147-B039-CBBB51C13527}.Local_FrontEnder|x86.ActiveCfg = Release|Any CPU
		{362184D6-561F-4147-B039-CBBB51C13527}.Local_FrontEnder|x86.Build.0 = Release|Any CPU
		{362184D6-561F-4147-B039-CBBB51C13527}.Release|Any CPU.ActiveCfg = Release|Any CPU
		{362184D6-561F-4147-B039-CBBB51C13527}.Release|Any CPU.Build.0 = Release|Any CPU
		{362184D6-561F-4147-B039-CBBB51C13527}.Release|ARM.ActiveCfg = Release|Any CPU
		{362184D6-561F-4147-B039-CBBB51C13527}.Release|ARM.Build.0 = Release|Any CPU
		{362184D6-561F-4147-B039-CBBB51C13527}.Release|x64.ActiveCfg = Release|Any CPU
		{362184D6-561F-4147-B039-CBBB51C13527}.Release|x64.Build.0 = Release|Any CPU
		{362184D6-561F-4147-B039-CBBB51C13527}.Release|x86.ActiveCfg = Release|Any CPU
		{362184D6-561F-4147-B039-CBBB51C13527}.Release|x86.Build.0 = Release|Any CPU
		{362184D6-561F-4147-B039-CBBB51C13527}.UAT|Any CPU.ActiveCfg = Release|Any CPU
		{362184D6-561F-4147-B039-CBBB51C13527}.UAT|Any CPU.Build.0 = Release|Any CPU
		{362184D6-561F-4147-B039-CBBB51C13527}.UAT|ARM.ActiveCfg = Release|Any CPU
		{362184D6-561F-4147-B039-CBBB51C13527}.UAT|ARM.Build.0 = Release|Any CPU
		{362184D6-561F-4147-B039-CBBB51C13527}.UAT|x64.ActiveCfg = Release|Any CPU
		{362184D6-561F-4147-B039-CBBB51C13527}.UAT|x64.Build.0 = Release|Any CPU
		{362184D6-561F-4147-B039-CBBB51C13527}.UAT|x86.ActiveCfg = Release|Any CPU
		{362184D6-561F-4147-B039-CBBB51C13527}.UAT|x86.Build.0 = Release|Any CPU
		{54EBB462-3704-45E6-A19C-0E01D44F9207}.Debug|Any CPU.ActiveCfg = Debug|Any CPU
		{54EBB462-3704-45E6-A19C-0E01D44F9207}.Debug|Any CPU.Build.0 = Debug|Any CPU
		{54EBB462-3704-45E6-A19C-0E01D44F9207}.Debug|ARM.ActiveCfg = Debug|Any CPU
		{54EBB462-3704-45E6-A19C-0E01D44F9207}.Debug|ARM.Build.0 = Debug|Any CPU
		{54EBB462-3704-45E6-A19C-0E01D44F9207}.Debug|x64.ActiveCfg = Debug|Any CPU
		{54EBB462-3704-45E6-A19C-0E01D44F9207}.Debug|x64.Build.0 = Debug|Any CPU
		{54EBB462-3704-45E6-A19C-0E01D44F9207}.Debug|x86.ActiveCfg = Debug|Any CPU
		{54EBB462-3704-45E6-A19C-0E01D44F9207}.Debug|x86.Build.0 = Debug|Any CPU
		{54EBB462-3704-45E6-A19C-0E01D44F9207}.Development|Any CPU.ActiveCfg = Debug|Any CPU
		{54EBB462-3704-45E6-A19C-0E01D44F9207}.Development|Any CPU.Build.0 = Debug|Any CPU
		{54EBB462-3704-45E6-A19C-0E01D44F9207}.Development|ARM.ActiveCfg = Debug|Any CPU
		{54EBB462-3704-45E6-A19C-0E01D44F9207}.Development|ARM.Build.0 = Debug|Any CPU
		{54EBB462-3704-45E6-A19C-0E01D44F9207}.Development|x64.ActiveCfg = Debug|Any CPU
		{54EBB462-3704-45E6-A19C-0E01D44F9207}.Development|x64.Build.0 = Debug|Any CPU
		{54EBB462-3704-45E6-A19C-0E01D44F9207}.Development|x86.ActiveCfg = Debug|Any CPU
		{54EBB462-3704-45E6-A19C-0E01D44F9207}.Development|x86.Build.0 = Debug|Any CPU
		{54EBB462-3704-45E6-A19C-0E01D44F9207}.Local_DEV|Any CPU.ActiveCfg = Debug|Any CPU
		{54EBB462-3704-45E6-A19C-0E01D44F9207}.Local_DEV|Any CPU.Build.0 = Debug|Any CPU
		{54EBB462-3704-45E6-A19C-0E01D44F9207}.Local_DEV|ARM.ActiveCfg = Release|Any CPU
		{54EBB462-3704-45E6-A19C-0E01D44F9207}.Local_DEV|ARM.Build.0 = Release|Any CPU
		{54EBB462-3704-45E6-A19C-0E01D44F9207}.Local_DEV|x64.ActiveCfg = Release|Any CPU
		{54EBB462-3704-45E6-A19C-0E01D44F9207}.Local_DEV|x64.Build.0 = Release|Any CPU
		{54EBB462-3704-45E6-A19C-0E01D44F9207}.Local_DEV|x86.ActiveCfg = Release|Any CPU
		{54EBB462-3704-45E6-A19C-0E01D44F9207}.Local_DEV|x86.Build.0 = Release|Any CPU
		{54EBB462-3704-45E6-A19C-0E01D44F9207}.Local_FrontEnder|Any CPU.ActiveCfg = Release|Any CPU
		{54EBB462-3704-45E6-A19C-0E01D44F9207}.Local_FrontEnder|Any CPU.Build.0 = Release|Any CPU
		{54EBB462-3704-45E6-A19C-0E01D44F9207}.Local_FrontEnder|ARM.ActiveCfg = Release|Any CPU
		{54EBB462-3704-45E6-A19C-0E01D44F9207}.Local_FrontEnder|ARM.Build.0 = Release|Any CPU
		{54EBB462-3704-45E6-A19C-0E01D44F9207}.Local_FrontEnder|x64.ActiveCfg = Release|Any CPU
		{54EBB462-3704-45E6-A19C-0E01D44F9207}.Local_FrontEnder|x64.Build.0 = Release|Any CPU
		{54EBB462-3704-45E6-A19C-0E01D44F9207}.Local_FrontEnder|x86.ActiveCfg = Release|Any CPU
		{54EBB462-3704-45E6-A19C-0E01D44F9207}.Local_FrontEnder|x86.Build.0 = Release|Any CPU
		{54EBB462-3704-45E6-A19C-0E01D44F9207}.Release|Any CPU.ActiveCfg = Release|Any CPU
		{54EBB462-3704-45E6-A19C-0E01D44F9207}.Release|Any CPU.Build.0 = Release|Any CPU
		{54EBB462-3704-45E6-A19C-0E01D44F9207}.Release|ARM.ActiveCfg = Release|Any CPU
		{54EBB462-3704-45E6-A19C-0E01D44F9207}.Release|ARM.Build.0 = Release|Any CPU
		{54EBB462-3704-45E6-A19C-0E01D44F9207}.Release|x64.ActiveCfg = Release|Any CPU
		{54EBB462-3704-45E6-A19C-0E01D44F9207}.Release|x64.Build.0 = Release|Any CPU
		{54EBB462-3704-45E6-A19C-0E01D44F9207}.Release|x86.ActiveCfg = Release|Any CPU
		{54EBB462-3704-45E6-A19C-0E01D44F9207}.Release|x86.Build.0 = Release|Any CPU
		{54EBB462-3704-45E6-A19C-0E01D44F9207}.UAT|Any CPU.ActiveCfg = Release|Any CPU
		{54EBB462-3704-45E6-A19C-0E01D44F9207}.UAT|Any CPU.Build.0 = Release|Any CPU
		{54EBB462-3704-45E6-A19C-0E01D44F9207}.UAT|ARM.ActiveCfg = Release|Any CPU
		{54EBB462-3704-45E6-A19C-0E01D44F9207}.UAT|ARM.Build.0 = Release|Any CPU
		{54EBB462-3704-45E6-A19C-0E01D44F9207}.UAT|x64.ActiveCfg = Release|Any CPU
		{54EBB462-3704-45E6-A19C-0E01D44F9207}.UAT|x64.Build.0 = Release|Any CPU
		{54EBB462-3704-45E6-A19C-0E01D44F9207}.UAT|x86.ActiveCfg = Release|Any CPU
		{54EBB462-3704-45E6-A19C-0E01D44F9207}.UAT|x86.Build.0 = Release|Any CPU
		{31697216-183B-4501-A386-3685F4B8E138}.Debug|Any CPU.ActiveCfg = Debug|Any CPU
		{31697216-183B-4501-A386-3685F4B8E138}.Debug|Any CPU.Build.0 = Debug|Any CPU
		{31697216-183B-4501-A386-3685F4B8E138}.Debug|ARM.ActiveCfg = Debug|Any CPU
		{31697216-183B-4501-A386-3685F4B8E138}.Debug|ARM.Build.0 = Debug|Any CPU
		{31697216-183B-4501-A386-3685F4B8E138}.Debug|x64.ActiveCfg = Debug|Any CPU
		{31697216-183B-4501-A386-3685F4B8E138}.Debug|x64.Build.0 = Debug|Any CPU
		{31697216-183B-4501-A386-3685F4B8E138}.Debug|x86.ActiveCfg = Debug|Any CPU
		{31697216-183B-4501-A386-3685F4B8E138}.Debug|x86.Build.0 = Debug|Any CPU
		{31697216-183B-4501-A386-3685F4B8E138}.Development|Any CPU.ActiveCfg = Debug|Any CPU
		{31697216-183B-4501-A386-3685F4B8E138}.Development|Any CPU.Build.0 = Debug|Any CPU
		{31697216-183B-4501-A386-3685F4B8E138}.Development|ARM.ActiveCfg = Debug|Any CPU
		{31697216-183B-4501-A386-3685F4B8E138}.Development|ARM.Build.0 = Debug|Any CPU
		{31697216-183B-4501-A386-3685F4B8E138}.Development|x64.ActiveCfg = Debug|Any CPU
		{31697216-183B-4501-A386-3685F4B8E138}.Development|x64.Build.0 = Debug|Any CPU
		{31697216-183B-4501-A386-3685F4B8E138}.Development|x86.ActiveCfg = Debug|Any CPU
		{31697216-183B-4501-A386-3685F4B8E138}.Development|x86.Build.0 = Debug|Any CPU
		{31697216-183B-4501-A386-3685F4B8E138}.Local_DEV|Any CPU.ActiveCfg = Debug|Any CPU
		{31697216-183B-4501-A386-3685F4B8E138}.Local_DEV|Any CPU.Build.0 = Debug|Any CPU
		{31697216-183B-4501-A386-3685F4B8E138}.Local_DEV|ARM.ActiveCfg = Release|Any CPU
		{31697216-183B-4501-A386-3685F4B8E138}.Local_DEV|ARM.Build.0 = Release|Any CPU
		{31697216-183B-4501-A386-3685F4B8E138}.Local_DEV|x64.ActiveCfg = Release|Any CPU
		{31697216-183B-4501-A386-3685F4B8E138}.Local_DEV|x64.Build.0 = Release|Any CPU
		{31697216-183B-4501-A386-3685F4B8E138}.Local_DEV|x86.ActiveCfg = Release|Any CPU
		{31697216-183B-4501-A386-3685F4B8E138}.Local_DEV|x86.Build.0 = Release|Any CPU
		{31697216-183B-4501-A386-3685F4B8E138}.Local_FrontEnder|Any CPU.ActiveCfg = Release|Any CPU
		{31697216-183B-4501-A386-3685F4B8E138}.Local_FrontEnder|Any CPU.Build.0 = Release|Any CPU
		{31697216-183B-4501-A386-3685F4B8E138}.Local_FrontEnder|ARM.ActiveCfg = Release|Any CPU
		{31697216-183B-4501-A386-3685F4B8E138}.Local_FrontEnder|ARM.Build.0 = Release|Any CPU
		{31697216-183B-4501-A386-3685F4B8E138}.Local_FrontEnder|x64.ActiveCfg = Release|Any CPU
		{31697216-183B-4501-A386-3685F4B8E138}.Local_FrontEnder|x64.Build.0 = Release|Any CPU
		{31697216-183B-4501-A386-3685F4B8E138}.Local_FrontEnder|x86.ActiveCfg = Release|Any CPU
		{31697216-183B-4501-A386-3685F4B8E138}.Local_FrontEnder|x86.Build.0 = Release|Any CPU
		{31697216-183B-4501-A386-3685F4B8E138}.Release|Any CPU.ActiveCfg = Release|Any CPU
		{31697216-183B-4501-A386-3685F4B8E138}.Release|Any CPU.Build.0 = Release|Any CPU
		{31697216-183B-4501-A386-3685F4B8E138}.Release|ARM.ActiveCfg = Release|Any CPU
		{31697216-183B-4501-A386-3685F4B8E138}.Release|ARM.Build.0 = Release|Any CPU
		{31697216-183B-4501-A386-3685F4B8E138}.Release|x64.ActiveCfg = Release|Any CPU
		{31697216-183B-4501-A386-3685F4B8E138}.Release|x64.Build.0 = Release|Any CPU
		{31697216-183B-4501-A386-3685F4B8E138}.Release|x86.ActiveCfg = Release|Any CPU
		{31697216-183B-4501-A386-3685F4B8E138}.Release|x86.Build.0 = Release|Any CPU
		{31697216-183B-4501-A386-3685F4B8E138}.UAT|Any CPU.ActiveCfg = Release|Any CPU
		{31697216-183B-4501-A386-3685F4B8E138}.UAT|Any CPU.Build.0 = Release|Any CPU
		{31697216-183B-4501-A386-3685F4B8E138}.UAT|ARM.ActiveCfg = Release|Any CPU
		{31697216-183B-4501-A386-3685F4B8E138}.UAT|ARM.Build.0 = Release|Any CPU
		{31697216-183B-4501-A386-3685F4B8E138}.UAT|x64.ActiveCfg = Release|Any CPU
		{31697216-183B-4501-A386-3685F4B8E138}.UAT|x64.Build.0 = Release|Any CPU
		{31697216-183B-4501-A386-3685F4B8E138}.UAT|x86.ActiveCfg = Release|Any CPU
		{31697216-183B-4501-A386-3685F4B8E138}.UAT|x86.Build.0 = Release|Any CPU
		{2A93828B-532B-4746-BA12-5A69A00741AE}.Debug|Any CPU.ActiveCfg = Debug|Any CPU
		{2A93828B-532B-4746-BA12-5A69A00741AE}.Debug|Any CPU.Build.0 = Debug|Any CPU
		{2A93828B-532B-4746-BA12-5A69A00741AE}.Debug|ARM.ActiveCfg = Debug|Any CPU
		{2A93828B-532B-4746-BA12-5A69A00741AE}.Debug|ARM.Build.0 = Debug|Any CPU
		{2A93828B-532B-4746-BA12-5A69A00741AE}.Debug|x64.ActiveCfg = Debug|Any CPU
		{2A93828B-532B-4746-BA12-5A69A00741AE}.Debug|x64.Build.0 = Debug|Any CPU
		{2A93828B-532B-4746-BA12-5A69A00741AE}.Debug|x86.ActiveCfg = Debug|Any CPU
		{2A93828B-532B-4746-BA12-5A69A00741AE}.Debug|x86.Build.0 = Debug|Any CPU
		{2A93828B-532B-4746-BA12-5A69A00741AE}.Development|Any CPU.ActiveCfg = Debug|Any CPU
		{2A93828B-532B-4746-BA12-5A69A00741AE}.Development|Any CPU.Build.0 = Debug|Any CPU
		{2A93828B-532B-4746-BA12-5A69A00741AE}.Development|ARM.ActiveCfg = Debug|Any CPU
		{2A93828B-532B-4746-BA12-5A69A00741AE}.Development|ARM.Build.0 = Debug|Any CPU
		{2A93828B-532B-4746-BA12-5A69A00741AE}.Development|x64.ActiveCfg = Debug|Any CPU
		{2A93828B-532B-4746-BA12-5A69A00741AE}.Development|x64.Build.0 = Debug|Any CPU
		{2A93828B-532B-4746-BA12-5A69A00741AE}.Development|x86.ActiveCfg = Debug|Any CPU
		{2A93828B-532B-4746-BA12-5A69A00741AE}.Development|x86.Build.0 = Debug|Any CPU
		{2A93828B-532B-4746-BA12-5A69A00741AE}.Local_DEV|Any CPU.ActiveCfg = Debug|Any CPU
		{2A93828B-532B-4746-BA12-5A69A00741AE}.Local_DEV|Any CPU.Build.0 = Debug|Any CPU
		{2A93828B-532B-4746-BA12-5A69A00741AE}.Local_DEV|ARM.ActiveCfg = Release|Any CPU
		{2A93828B-532B-4746-BA12-5A69A00741AE}.Local_DEV|ARM.Build.0 = Release|Any CPU
		{2A93828B-532B-4746-BA12-5A69A00741AE}.Local_DEV|x64.ActiveCfg = Release|Any CPU
		{2A93828B-532B-4746-BA12-5A69A00741AE}.Local_DEV|x64.Build.0 = Release|Any CPU
		{2A93828B-532B-4746-BA12-5A69A00741AE}.Local_DEV|x86.ActiveCfg = Release|Any CPU
		{2A93828B-532B-4746-BA12-5A69A00741AE}.Local_DEV|x86.Build.0 = Release|Any CPU
		{2A93828B-532B-4746-BA12-5A69A00741AE}.Local_FrontEnder|Any CPU.ActiveCfg = Release|Any CPU
		{2A93828B-532B-4746-BA12-5A69A00741AE}.Local_FrontEnder|Any CPU.Build.0 = Release|Any CPU
		{2A93828B-532B-4746-BA12-5A69A00741AE}.Local_FrontEnder|ARM.ActiveCfg = Release|Any CPU
		{2A93828B-532B-4746-BA12-5A69A00741AE}.Local_FrontEnder|ARM.Build.0 = Release|Any CPU
		{2A93828B-532B-4746-BA12-5A69A00741AE}.Local_FrontEnder|x64.ActiveCfg = Release|Any CPU
		{2A93828B-532B-4746-BA12-5A69A00741AE}.Local_FrontEnder|x64.Build.0 = Release|Any CPU
		{2A93828B-532B-4746-BA12-5A69A00741AE}.Local_FrontEnder|x86.ActiveCfg = Release|Any CPU
		{2A93828B-532B-4746-BA12-5A69A00741AE}.Local_FrontEnder|x86.Build.0 = Release|Any CPU
		{2A93828B-532B-4746-BA12-5A69A00741AE}.Release|Any CPU.ActiveCfg = Release|Any CPU
		{2A93828B-532B-4746-BA12-5A69A00741AE}.Release|Any CPU.Build.0 = Release|Any CPU
		{2A93828B-532B-4746-BA12-5A69A00741AE}.Release|ARM.ActiveCfg = Release|Any CPU
		{2A93828B-532B-4746-BA12-5A69A00741AE}.Release|ARM.Build.0 = Release|Any CPU
		{2A93828B-532B-4746-BA12-5A69A00741AE}.Release|x64.ActiveCfg = Release|Any CPU
		{2A93828B-532B-4746-BA12-5A69A00741AE}.Release|x64.Build.0 = Release|Any CPU
		{2A93828B-532B-4746-BA12-5A69A00741AE}.Release|x86.ActiveCfg = Release|Any CPU
		{2A93828B-532B-4746-BA12-5A69A00741AE}.Release|x86.Build.0 = Release|Any CPU
		{2A93828B-532B-4746-BA12-5A69A00741AE}.UAT|Any CPU.ActiveCfg = Release|Any CPU
		{2A93828B-532B-4746-BA12-5A69A00741AE}.UAT|Any CPU.Build.0 = Release|Any CPU
		{2A93828B-532B-4746-BA12-5A69A00741AE}.UAT|ARM.ActiveCfg = Release|Any CPU
		{2A93828B-532B-4746-BA12-5A69A00741AE}.UAT|ARM.Build.0 = Release|Any CPU
		{2A93828B-532B-4746-BA12-5A69A00741AE}.UAT|x64.ActiveCfg = Release|Any CPU
		{2A93828B-532B-4746-BA12-5A69A00741AE}.UAT|x64.Build.0 = Release|Any CPU
		{2A93828B-532B-4746-BA12-5A69A00741AE}.UAT|x86.ActiveCfg = Release|Any CPU
		{2A93828B-532B-4746-BA12-5A69A00741AE}.UAT|x86.Build.0 = Release|Any CPU
		{66B5E21B-E0DD-4BCE-99E6-D0F5EE01867D}.Debug|Any CPU.ActiveCfg = Debug|Any CPU
		{66B5E21B-E0DD-4BCE-99E6-D0F5EE01867D}.Debug|Any CPU.Build.0 = Debug|Any CPU
		{66B5E21B-E0DD-4BCE-99E6-D0F5EE01867D}.Debug|ARM.ActiveCfg = Debug|Any CPU
		{66B5E21B-E0DD-4BCE-99E6-D0F5EE01867D}.Debug|ARM.Build.0 = Debug|Any CPU
		{66B5E21B-E0DD-4BCE-99E6-D0F5EE01867D}.Debug|x64.ActiveCfg = Debug|Any CPU
		{66B5E21B-E0DD-4BCE-99E6-D0F5EE01867D}.Debug|x64.Build.0 = Debug|Any CPU
		{66B5E21B-E0DD-4BCE-99E6-D0F5EE01867D}.Debug|x86.ActiveCfg = Debug|Any CPU
		{66B5E21B-E0DD-4BCE-99E6-D0F5EE01867D}.Debug|x86.Build.0 = Debug|Any CPU
		{66B5E21B-E0DD-4BCE-99E6-D0F5EE01867D}.Development|Any CPU.ActiveCfg = Debug|Any CPU
		{66B5E21B-E0DD-4BCE-99E6-D0F5EE01867D}.Development|Any CPU.Build.0 = Debug|Any CPU
		{66B5E21B-E0DD-4BCE-99E6-D0F5EE01867D}.Development|ARM.ActiveCfg = Debug|Any CPU
		{66B5E21B-E0DD-4BCE-99E6-D0F5EE01867D}.Development|ARM.Build.0 = Debug|Any CPU
		{66B5E21B-E0DD-4BCE-99E6-D0F5EE01867D}.Development|x64.ActiveCfg = Debug|Any CPU
		{66B5E21B-E0DD-4BCE-99E6-D0F5EE01867D}.Development|x64.Build.0 = Debug|Any CPU
		{66B5E21B-E0DD-4BCE-99E6-D0F5EE01867D}.Development|x86.ActiveCfg = Debug|Any CPU
		{66B5E21B-E0DD-4BCE-99E6-D0F5EE01867D}.Development|x86.Build.0 = Debug|Any CPU
		{66B5E21B-E0DD-4BCE-99E6-D0F5EE01867D}.Local_DEV|Any CPU.ActiveCfg = Release|Any CPU
		{66B5E21B-E0DD-4BCE-99E6-D0F5EE01867D}.Local_DEV|Any CPU.Build.0 = Release|Any CPU
		{66B5E21B-E0DD-4BCE-99E6-D0F5EE01867D}.Local_DEV|ARM.ActiveCfg = Release|Any CPU
		{66B5E21B-E0DD-4BCE-99E6-D0F5EE01867D}.Local_DEV|ARM.Build.0 = Release|Any CPU
		{66B5E21B-E0DD-4BCE-99E6-D0F5EE01867D}.Local_DEV|x64.ActiveCfg = Release|Any CPU
		{66B5E21B-E0DD-4BCE-99E6-D0F5EE01867D}.Local_DEV|x64.Build.0 = Release|Any CPU
		{66B5E21B-E0DD-4BCE-99E6-D0F5EE01867D}.Local_DEV|x86.ActiveCfg = Release|Any CPU
		{66B5E21B-E0DD-4BCE-99E6-D0F5EE01867D}.Local_DEV|x86.Build.0 = Release|Any CPU
		{66B5E21B-E0DD-4BCE-99E6-D0F5EE01867D}.Local_FrontEnder|Any CPU.ActiveCfg = Release|Any CPU
		{66B5E21B-E0DD-4BCE-99E6-D0F5EE01867D}.Local_FrontEnder|Any CPU.Build.0 = Release|Any CPU
		{66B5E21B-E0DD-4BCE-99E6-D0F5EE01867D}.Local_FrontEnder|ARM.ActiveCfg = Release|Any CPU
		{66B5E21B-E0DD-4BCE-99E6-D0F5EE01867D}.Local_FrontEnder|ARM.Build.0 = Release|Any CPU
		{66B5E21B-E0DD-4BCE-99E6-D0F5EE01867D}.Local_FrontEnder|x64.ActiveCfg = Release|Any CPU
		{66B5E21B-E0DD-4BCE-99E6-D0F5EE01867D}.Local_FrontEnder|x64.Build.0 = Release|Any CPU
		{66B5E21B-E0DD-4BCE-99E6-D0F5EE01867D}.Local_FrontEnder|x86.ActiveCfg = Release|Any CPU
		{66B5E21B-E0DD-4BCE-99E6-D0F5EE01867D}.Local_FrontEnder|x86.Build.0 = Release|Any CPU
		{66B5E21B-E0DD-4BCE-99E6-D0F5EE01867D}.Release|Any CPU.ActiveCfg = Release|Any CPU
		{66B5E21B-E0DD-4BCE-99E6-D0F5EE01867D}.Release|Any CPU.Build.0 = Release|Any CPU
		{66B5E21B-E0DD-4BCE-99E6-D0F5EE01867D}.Release|ARM.ActiveCfg = Release|Any CPU
		{66B5E21B-E0DD-4BCE-99E6-D0F5EE01867D}.Release|ARM.Build.0 = Release|Any CPU
		{66B5E21B-E0DD-4BCE-99E6-D0F5EE01867D}.Release|x64.ActiveCfg = Release|Any CPU
		{66B5E21B-E0DD-4BCE-99E6-D0F5EE01867D}.Release|x64.Build.0 = Release|Any CPU
		{66B5E21B-E0DD-4BCE-99E6-D0F5EE01867D}.Release|x86.ActiveCfg = Release|Any CPU
		{66B5E21B-E0DD-4BCE-99E6-D0F5EE01867D}.Release|x86.Build.0 = Release|Any CPU
		{66B5E21B-E0DD-4BCE-99E6-D0F5EE01867D}.UAT|Any CPU.ActiveCfg = Release|Any CPU
		{66B5E21B-E0DD-4BCE-99E6-D0F5EE01867D}.UAT|Any CPU.Build.0 = Release|Any CPU
		{66B5E21B-E0DD-4BCE-99E6-D0F5EE01867D}.UAT|ARM.ActiveCfg = Release|Any CPU
		{66B5E21B-E0DD-4BCE-99E6-D0F5EE01867D}.UAT|ARM.Build.0 = Release|Any CPU
		{66B5E21B-E0DD-4BCE-99E6-D0F5EE01867D}.UAT|x64.ActiveCfg = Release|Any CPU
		{66B5E21B-E0DD-4BCE-99E6-D0F5EE01867D}.UAT|x64.Build.0 = Release|Any CPU
		{66B5E21B-E0DD-4BCE-99E6-D0F5EE01867D}.UAT|x86.ActiveCfg = Release|Any CPU
		{66B5E21B-E0DD-4BCE-99E6-D0F5EE01867D}.UAT|x86.Build.0 = Release|Any CPU
		{2A00D092-D238-4CA3-B755-E0439A43450A}.Debug|Any CPU.ActiveCfg = Debug|Any CPU
		{2A00D092-D238-4CA3-B755-E0439A43450A}.Debug|Any CPU.Build.0 = Debug|Any CPU
		{2A00D092-D238-4CA3-B755-E0439A43450A}.Debug|ARM.ActiveCfg = Debug|Any CPU
		{2A00D092-D238-4CA3-B755-E0439A43450A}.Debug|ARM.Build.0 = Debug|Any CPU
		{2A00D092-D238-4CA3-B755-E0439A43450A}.Debug|x64.ActiveCfg = Debug|Any CPU
		{2A00D092-D238-4CA3-B755-E0439A43450A}.Debug|x64.Build.0 = Debug|Any CPU
		{2A00D092-D238-4CA3-B755-E0439A43450A}.Debug|x86.ActiveCfg = Debug|Any CPU
		{2A00D092-D238-4CA3-B755-E0439A43450A}.Debug|x86.Build.0 = Debug|Any CPU
		{2A00D092-D238-4CA3-B755-E0439A43450A}.Development|Any CPU.ActiveCfg = Debug|Any CPU
		{2A00D092-D238-4CA3-B755-E0439A43450A}.Development|Any CPU.Build.0 = Debug|Any CPU
		{2A00D092-D238-4CA3-B755-E0439A43450A}.Development|ARM.ActiveCfg = Debug|Any CPU
		{2A00D092-D238-4CA3-B755-E0439A43450A}.Development|ARM.Build.0 = Debug|Any CPU
		{2A00D092-D238-4CA3-B755-E0439A43450A}.Development|x64.ActiveCfg = Debug|Any CPU
		{2A00D092-D238-4CA3-B755-E0439A43450A}.Development|x64.Build.0 = Debug|Any CPU
		{2A00D092-D238-4CA3-B755-E0439A43450A}.Development|x86.ActiveCfg = Debug|Any CPU
		{2A00D092-D238-4CA3-B755-E0439A43450A}.Development|x86.Build.0 = Debug|Any CPU
		{2A00D092-D238-4CA3-B755-E0439A43450A}.Local_DEV|Any CPU.ActiveCfg = Release|Any CPU
		{2A00D092-D238-4CA3-B755-E0439A43450A}.Local_DEV|Any CPU.Build.0 = Release|Any CPU
		{2A00D092-D238-4CA3-B755-E0439A43450A}.Local_DEV|ARM.ActiveCfg = Release|Any CPU
		{2A00D092-D238-4CA3-B755-E0439A43450A}.Local_DEV|ARM.Build.0 = Release|Any CPU
		{2A00D092-D238-4CA3-B755-E0439A43450A}.Local_DEV|x64.ActiveCfg = Release|Any CPU
		{2A00D092-D238-4CA3-B755-E0439A43450A}.Local_DEV|x64.Build.0 = Release|Any CPU
		{2A00D092-D238-4CA3-B755-E0439A43450A}.Local_DEV|x86.ActiveCfg = Release|Any CPU
		{2A00D092-D238-4CA3-B755-E0439A43450A}.Local_DEV|x86.Build.0 = Release|Any CPU
		{2A00D092-D238-4CA3-B755-E0439A43450A}.Local_FrontEnder|Any CPU.ActiveCfg = Release|Any CPU
		{2A00D092-D238-4CA3-B755-E0439A43450A}.Local_FrontEnder|Any CPU.Build.0 = Release|Any CPU
		{2A00D092-D238-4CA3-B755-E0439A43450A}.Local_FrontEnder|ARM.ActiveCfg = Release|Any CPU
		{2A00D092-D238-4CA3-B755-E0439A43450A}.Local_FrontEnder|ARM.Build.0 = Release|Any CPU
		{2A00D092-D238-4CA3-B755-E0439A43450A}.Local_FrontEnder|x64.ActiveCfg = Release|Any CPU
		{2A00D092-D238-4CA3-B755-E0439A43450A}.Local_FrontEnder|x64.Build.0 = Release|Any CPU
		{2A00D092-D238-4CA3-B755-E0439A43450A}.Local_FrontEnder|x86.ActiveCfg = Release|Any CPU
		{2A00D092-D238-4CA3-B755-E0439A43450A}.Local_FrontEnder|x86.Build.0 = Release|Any CPU
		{2A00D092-D238-4CA3-B755-E0439A43450A}.Release|Any CPU.ActiveCfg = Release|Any CPU
		{2A00D092-D238-4CA3-B755-E0439A43450A}.Release|Any CPU.Build.0 = Release|Any CPU
		{2A00D092-D238-4CA3-B755-E0439A43450A}.Release|ARM.ActiveCfg = Release|Any CPU
		{2A00D092-D238-4CA3-B755-E0439A43450A}.Release|ARM.Build.0 = Release|Any CPU
		{2A00D092-D238-4CA3-B755-E0439A43450A}.Release|x64.ActiveCfg = Release|Any CPU
		{2A00D092-D238-4CA3-B755-E0439A43450A}.Release|x64.Build.0 = Release|Any CPU
		{2A00D092-D238-4CA3-B755-E0439A43450A}.Release|x86.ActiveCfg = Release|Any CPU
		{2A00D092-D238-4CA3-B755-E0439A43450A}.Release|x86.Build.0 = Release|Any CPU
		{2A00D092-D238-4CA3-B755-E0439A43450A}.UAT|Any CPU.ActiveCfg = Release|Any CPU
		{2A00D092-D238-4CA3-B755-E0439A43450A}.UAT|Any CPU.Build.0 = Release|Any CPU
		{2A00D092-D238-4CA3-B755-E0439A43450A}.UAT|ARM.ActiveCfg = Release|Any CPU
		{2A00D092-D238-4CA3-B755-E0439A43450A}.UAT|ARM.Build.0 = Release|Any CPU
		{2A00D092-D238-4CA3-B755-E0439A43450A}.UAT|x64.ActiveCfg = Release|Any CPU
		{2A00D092-D238-4CA3-B755-E0439A43450A}.UAT|x64.Build.0 = Release|Any CPU
		{2A00D092-D238-4CA3-B755-E0439A43450A}.UAT|x86.ActiveCfg = Release|Any CPU
		{2A00D092-D238-4CA3-B755-E0439A43450A}.UAT|x86.Build.0 = Release|Any CPU
		{2B8ACE48-7D9D-46E3-AB47-7BBF2C24265A}.Debug|Any CPU.ActiveCfg = Debug|Any CPU
		{2B8ACE48-7D9D-46E3-AB47-7BBF2C24265A}.Debug|Any CPU.Build.0 = Debug|Any CPU
		{2B8ACE48-7D9D-46E3-AB47-7BBF2C24265A}.Debug|ARM.ActiveCfg = Debug|Any CPU
		{2B8ACE48-7D9D-46E3-AB47-7BBF2C24265A}.Debug|ARM.Build.0 = Debug|Any CPU
		{2B8ACE48-7D9D-46E3-AB47-7BBF2C24265A}.Debug|x64.ActiveCfg = Debug|Any CPU
		{2B8ACE48-7D9D-46E3-AB47-7BBF2C24265A}.Debug|x64.Build.0 = Debug|Any CPU
		{2B8ACE48-7D9D-46E3-AB47-7BBF2C24265A}.Debug|x86.ActiveCfg = Debug|Any CPU
		{2B8ACE48-7D9D-46E3-AB47-7BBF2C24265A}.Debug|x86.Build.0 = Debug|Any CPU
		{2B8ACE48-7D9D-46E3-AB47-7BBF2C24265A}.Development|Any CPU.ActiveCfg = Debug|Any CPU
		{2B8ACE48-7D9D-46E3-AB47-7BBF2C24265A}.Development|Any CPU.Build.0 = Debug|Any CPU
		{2B8ACE48-7D9D-46E3-AB47-7BBF2C24265A}.Development|ARM.ActiveCfg = Debug|Any CPU
		{2B8ACE48-7D9D-46E3-AB47-7BBF2C24265A}.Development|ARM.Build.0 = Debug|Any CPU
		{2B8ACE48-7D9D-46E3-AB47-7BBF2C24265A}.Development|x64.ActiveCfg = Debug|Any CPU
		{2B8ACE48-7D9D-46E3-AB47-7BBF2C24265A}.Development|x64.Build.0 = Debug|Any CPU
		{2B8ACE48-7D9D-46E3-AB47-7BBF2C24265A}.Development|x86.ActiveCfg = Debug|Any CPU
		{2B8ACE48-7D9D-46E3-AB47-7BBF2C24265A}.Development|x86.Build.0 = Debug|Any CPU
		{2B8ACE48-7D9D-46E3-AB47-7BBF2C24265A}.Local_DEV|Any CPU.ActiveCfg = Release|Any CPU
		{2B8ACE48-7D9D-46E3-AB47-7BBF2C24265A}.Local_DEV|Any CPU.Build.0 = Release|Any CPU
		{2B8ACE48-7D9D-46E3-AB47-7BBF2C24265A}.Local_DEV|ARM.ActiveCfg = Release|Any CPU
		{2B8ACE48-7D9D-46E3-AB47-7BBF2C24265A}.Local_DEV|ARM.Build.0 = Release|Any CPU
		{2B8ACE48-7D9D-46E3-AB47-7BBF2C24265A}.Local_DEV|x64.ActiveCfg = Release|Any CPU
		{2B8ACE48-7D9D-46E3-AB47-7BBF2C24265A}.Local_DEV|x64.Build.0 = Release|Any CPU
		{2B8ACE48-7D9D-46E3-AB47-7BBF2C24265A}.Local_DEV|x86.ActiveCfg = Release|Any CPU
		{2B8ACE48-7D9D-46E3-AB47-7BBF2C24265A}.Local_DEV|x86.Build.0 = Release|Any CPU
		{2B8ACE48-7D9D-46E3-AB47-7BBF2C24265A}.Local_FrontEnder|Any CPU.ActiveCfg = Release|Any CPU
		{2B8ACE48-7D9D-46E3-AB47-7BBF2C24265A}.Local_FrontEnder|Any CPU.Build.0 = Release|Any CPU
		{2B8ACE48-7D9D-46E3-AB47-7BBF2C24265A}.Local_FrontEnder|ARM.ActiveCfg = Release|Any CPU
		{2B8ACE48-7D9D-46E3-AB47-7BBF2C24265A}.Local_FrontEnder|ARM.Build.0 = Release|Any CPU
		{2B8ACE48-7D9D-46E3-AB47-7BBF2C24265A}.Local_FrontEnder|x64.ActiveCfg = Release|Any CPU
		{2B8ACE48-7D9D-46E3-AB47-7BBF2C24265A}.Local_FrontEnder|x64.Build.0 = Release|Any CPU
		{2B8ACE48-7D9D-46E3-AB47-7BBF2C24265A}.Local_FrontEnder|x86.ActiveCfg = Release|Any CPU
		{2B8ACE48-7D9D-46E3-AB47-7BBF2C24265A}.Local_FrontEnder|x86.Build.0 = Release|Any CPU
		{2B8ACE48-7D9D-46E3-AB47-7BBF2C24265A}.Release|Any CPU.ActiveCfg = Release|Any CPU
		{2B8ACE48-7D9D-46E3-AB47-7BBF2C24265A}.Release|Any CPU.Build.0 = Release|Any CPU
		{2B8ACE48-7D9D-46E3-AB47-7BBF2C24265A}.Release|ARM.ActiveCfg = Release|Any CPU
		{2B8ACE48-7D9D-46E3-AB47-7BBF2C24265A}.Release|ARM.Build.0 = Release|Any CPU
		{2B8ACE48-7D9D-46E3-AB47-7BBF2C24265A}.Release|x64.ActiveCfg = Release|Any CPU
		{2B8ACE48-7D9D-46E3-AB47-7BBF2C24265A}.Release|x64.Build.0 = Release|Any CPU
		{2B8ACE48-7D9D-46E3-AB47-7BBF2C24265A}.Release|x86.ActiveCfg = Release|Any CPU
		{2B8ACE48-7D9D-46E3-AB47-7BBF2C24265A}.Release|x86.Build.0 = Release|Any CPU
		{2B8ACE48-7D9D-46E3-AB47-7BBF2C24265A}.UAT|Any CPU.ActiveCfg = Release|Any CPU
		{2B8ACE48-7D9D-46E3-AB47-7BBF2C24265A}.UAT|Any CPU.Build.0 = Release|Any CPU
		{2B8ACE48-7D9D-46E3-AB47-7BBF2C24265A}.UAT|ARM.ActiveCfg = Release|Any CPU
		{2B8ACE48-7D9D-46E3-AB47-7BBF2C24265A}.UAT|ARM.Build.0 = Release|Any CPU
		{2B8ACE48-7D9D-46E3-AB47-7BBF2C24265A}.UAT|x64.ActiveCfg = Release|Any CPU
		{2B8ACE48-7D9D-46E3-AB47-7BBF2C24265A}.UAT|x64.Build.0 = Release|Any CPU
		{2B8ACE48-7D9D-46E3-AB47-7BBF2C24265A}.UAT|x86.ActiveCfg = Release|Any CPU
		{2B8ACE48-7D9D-46E3-AB47-7BBF2C24265A}.UAT|x86.Build.0 = Release|Any CPU
		{8571D543-7523-4C13-995B-CDD9E84DDCE9}.Debug|Any CPU.ActiveCfg = Debug|Any CPU
		{8571D543-7523-4C13-995B-CDD9E84DDCE9}.Debug|Any CPU.Build.0 = Debug|Any CPU
		{8571D543-7523-4C13-995B-CDD9E84DDCE9}.Debug|ARM.ActiveCfg = Debug|Any CPU
		{8571D543-7523-4C13-995B-CDD9E84DDCE9}.Debug|ARM.Build.0 = Debug|Any CPU
		{8571D543-7523-4C13-995B-CDD9E84DDCE9}.Debug|x64.ActiveCfg = Debug|Any CPU
		{8571D543-7523-4C13-995B-CDD9E84DDCE9}.Debug|x64.Build.0 = Debug|Any CPU
		{8571D543-7523-4C13-995B-CDD9E84DDCE9}.Debug|x86.ActiveCfg = Debug|Any CPU
		{8571D543-7523-4C13-995B-CDD9E84DDCE9}.Debug|x86.Build.0 = Debug|Any CPU
		{8571D543-7523-4C13-995B-CDD9E84DDCE9}.Development|Any CPU.ActiveCfg = Debug|Any CPU
		{8571D543-7523-4C13-995B-CDD9E84DDCE9}.Development|Any CPU.Build.0 = Debug|Any CPU
		{8571D543-7523-4C13-995B-CDD9E84DDCE9}.Development|ARM.ActiveCfg = Debug|Any CPU
		{8571D543-7523-4C13-995B-CDD9E84DDCE9}.Development|ARM.Build.0 = Debug|Any CPU
		{8571D543-7523-4C13-995B-CDD9E84DDCE9}.Development|x64.ActiveCfg = Debug|Any CPU
		{8571D543-7523-4C13-995B-CDD9E84DDCE9}.Development|x64.Build.0 = Debug|Any CPU
		{8571D543-7523-4C13-995B-CDD9E84DDCE9}.Development|x86.ActiveCfg = Debug|Any CPU
		{8571D543-7523-4C13-995B-CDD9E84DDCE9}.Development|x86.Build.0 = Debug|Any CPU
		{8571D543-7523-4C13-995B-CDD9E84DDCE9}.Local_DEV|Any CPU.ActiveCfg = Release|Any CPU
		{8571D543-7523-4C13-995B-CDD9E84DDCE9}.Local_DEV|Any CPU.Build.0 = Release|Any CPU
		{8571D543-7523-4C13-995B-CDD9E84DDCE9}.Local_DEV|ARM.ActiveCfg = Release|Any CPU
		{8571D543-7523-4C13-995B-CDD9E84DDCE9}.Local_DEV|ARM.Build.0 = Release|Any CPU
		{8571D543-7523-4C13-995B-CDD9E84DDCE9}.Local_DEV|x64.ActiveCfg = Release|Any CPU
		{8571D543-7523-4C13-995B-CDD9E84DDCE9}.Local_DEV|x64.Build.0 = Release|Any CPU
		{8571D543-7523-4C13-995B-CDD9E84DDCE9}.Local_DEV|x86.ActiveCfg = Release|Any CPU
		{8571D543-7523-4C13-995B-CDD9E84DDCE9}.Local_DEV|x86.Build.0 = Release|Any CPU
		{8571D543-7523-4C13-995B-CDD9E84DDCE9}.Local_FrontEnder|Any CPU.ActiveCfg = Release|Any CPU
		{8571D543-7523-4C13-995B-CDD9E84DDCE9}.Local_FrontEnder|Any CPU.Build.0 = Release|Any CPU
		{8571D543-7523-4C13-995B-CDD9E84DDCE9}.Local_FrontEnder|ARM.ActiveCfg = Release|Any CPU
		{8571D543-7523-4C13-995B-CDD9E84DDCE9}.Local_FrontEnder|ARM.Build.0 = Release|Any CPU
		{8571D543-7523-4C13-995B-CDD9E84DDCE9}.Local_FrontEnder|x64.ActiveCfg = Release|Any CPU
		{8571D543-7523-4C13-995B-CDD9E84DDCE9}.Local_FrontEnder|x64.Build.0 = Release|Any CPU
		{8571D543-7523-4C13-995B-CDD9E84DDCE9}.Local_FrontEnder|x86.ActiveCfg = Release|Any CPU
		{8571D543-7523-4C13-995B-CDD9E84DDCE9}.Local_FrontEnder|x86.Build.0 = Release|Any CPU
		{8571D543-7523-4C13-995B-CDD9E84DDCE9}.Release|Any CPU.ActiveCfg = Release|Any CPU
		{8571D543-7523-4C13-995B-CDD9E84DDCE9}.Release|Any CPU.Build.0 = Release|Any CPU
		{8571D543-7523-4C13-995B-CDD9E84DDCE9}.Release|ARM.ActiveCfg = Release|Any CPU
		{8571D543-7523-4C13-995B-CDD9E84DDCE9}.Release|ARM.Build.0 = Release|Any CPU
		{8571D543-7523-4C13-995B-CDD9E84DDCE9}.Release|x64.ActiveCfg = Release|Any CPU
		{8571D543-7523-4C13-995B-CDD9E84DDCE9}.Release|x64.Build.0 = Release|Any CPU
		{8571D543-7523-4C13-995B-CDD9E84DDCE9}.Release|x86.ActiveCfg = Release|Any CPU
		{8571D543-7523-4C13-995B-CDD9E84DDCE9}.Release|x86.Build.0 = Release|Any CPU
		{8571D543-7523-4C13-995B-CDD9E84DDCE9}.UAT|Any CPU.ActiveCfg = Release|Any CPU
		{8571D543-7523-4C13-995B-CDD9E84DDCE9}.UAT|Any CPU.Build.0 = Release|Any CPU
		{8571D543-7523-4C13-995B-CDD9E84DDCE9}.UAT|ARM.ActiveCfg = Release|Any CPU
		{8571D543-7523-4C13-995B-CDD9E84DDCE9}.UAT|ARM.Build.0 = Release|Any CPU
		{8571D543-7523-4C13-995B-CDD9E84DDCE9}.UAT|x64.ActiveCfg = Release|Any CPU
		{8571D543-7523-4C13-995B-CDD9E84DDCE9}.UAT|x64.Build.0 = Release|Any CPU
		{8571D543-7523-4C13-995B-CDD9E84DDCE9}.UAT|x86.ActiveCfg = Release|Any CPU
		{8571D543-7523-4C13-995B-CDD9E84DDCE9}.UAT|x86.Build.0 = Release|Any CPU
	EndGlobalSection
	GlobalSection(SolutionProperties) = preSolution
		HideSolutionNode = FALSE
	EndGlobalSection
	GlobalSection(NestedProjects) = preSolution
		{F163633F-49FC-43D1-AD23-F982A3D9FDFE} = {A6480A08-D611-4D55-B118-AB6865609F91}
		{5D2C8B7E-444B-4524-81BA-64B7D4591F5A} = {A6480A08-D611-4D55-B118-AB6865609F91}
		{BACD1F35-A5F5-4C28-B157-EEB37C5541A0} = {A6480A08-D611-4D55-B118-AB6865609F91}
		{C100A333-A984-405C-B01B-A3298919703E} = {BBDD9FF4-B77D-45E9-85C6-142B10489BA0}
		{362184D6-561F-4147-B039-CBBB51C13527} = {95FBF4FB-3045-4B1B-83DC-AD1E42A75899}
		{54EBB462-3704-45E6-A19C-0E01D44F9207} = {BBDD9FF4-B77D-45E9-85C6-142B10489BA0}
		{31697216-183B-4501-A386-3685F4B8E138} = {95FBF4FB-3045-4B1B-83DC-AD1E42A75899}
		{2A93828B-532B-4746-BA12-5A69A00741AE} = {95FBF4FB-3045-4B1B-83DC-AD1E42A75899}
		{66B5E21B-E0DD-4BCE-99E6-D0F5EE01867D} = {154CCC1D-9FDF-46DB-BFD6-9CE07A60D3F8}
		{2A00D092-D238-4CA3-B755-E0439A43450A} = {154CCC1D-9FDF-46DB-BFD6-9CE07A60D3F8}
		{8571D543-7523-4C13-995B-CDD9E84DDCE9} = {A6480A08-D611-4D55-B118-AB6865609F91}
	EndGlobalSection
EndGlobal
